Microsoft Visual Studio Solution File, Format Version 12.00
# Visual Studio Version 17
VisualStudioVersion = 17.0.31903.59
MinimumVisualStudioVersion = 10.0.40219.1
Project("{FAE04EC0-301F-11D3-BF4B-00C04F79EFBC}") = "VesselStudioPlugin", "VesselStudioPlugin\VesselStudioPlugin.csproj", "{8B83E3E6-F5F1-4A3D-9B2C-7D8A5E9C4F7B}"
EndProject
Project("{FAE04EC0-301F-11D3-BF4B-00C04F79EFBC}") = "VesselStudioPlugin.Tests", "VesselStudioPlugin.Tests\VesselStudioPlugin.Tests.csproj", "{2A5F8C3D-B7E1-4E9A-8F6C-1D9A3B5C7E2F}"
EndProject
Global
	GlobalSection(SolutionConfigurationPlatforms) = preSolution
		Debug|Any CPU = Debug|Any CPU
		Release|Any CPU = Release|Any CPU
	EndGlobalSection
	GlobalSection(ProjectConfigurationPlatforms) = postSolution
		{8B83E3E6-F5F1-4A3D-9B2C-7D8A5E9C4F7B}.Debug|Any CPU.ActiveCfg = Debug|Any CPU
		{8B83E3E6-F5F1-4A3D-9B2C-7D8A5E9C4F7B}.Debug|Any CPU.Build.0 = Debug|Any CPU
		{8B83E3E6-F5F1-4A3D-9B2C-7D8A5E9C4F7B}.Release|Any CPU.ActiveCfg = Release|Any CPU
		{8B83E3E6-F5F1-4A3D-9B2C-7D8A5E9C4F7B}.Release|Any CPU.Build.0 = Release|Any CPU
		{2A5F8C3D-B7E1-4E9A-8F6C-1D9A3B5C7E2F}.Debug|Any CPU.ActiveCfg = Debug|Any CPU
		{2A5F8C3D-B7E1-4E9A-8F6C-1D9A3B5C7E2F}.Debug|Any CPU.Build.0 = Debug|Any CPU
		{2A5F8C3D-B7E1-4E9A-8F6C-1D9A3B5C7E2F}.Release|Any CPU.ActiveCfg = Release|Any CPU
		{2A5F8C3D-B7E1-4E9A-8F6C-1D9A3B5C7E2F}.Release|Any CPU.Build.0 = Release|Any CPU
	EndGlobalSection
	GlobalSection(SolutionProperties) = preSolution
		HideSolutionNode = FALSE
	EndGlobalSection
EndGlobal